
Microsoft Visual Studio Solution File, Format Version 12.00
# Visual Studio 15
Project("{FAE04EC0-301F-11D3-BF4B-00C04F79EFBC}") = "Assembly-CSharp", "Assembly-CSharp.csproj", "{7ACE1705-CBA3-D9BA-8459-71914690C018}"
EndProject
Project("{FAE04EC0-301F-11D3-BF4B-00C04F79EFBC}") = "Assembly-CSharp-Editor", "Assembly-CSharp-Editor.csproj", "{F7269799-E5F8-08BF-F9C9-49C8A5C1E0A6}"
EndProject
Global
	GlobalSection(SolutionConfigurationPlatforms) = preSolution
		Debug|Any CPU = Debug|Any CPU
		Release|Any CPU = Release|Any CPU
	EndGlobalSection
	GlobalSection(ProjectConfigurationPlatforms) = postSolution
		{7ACE1705-CBA3-D9BA-8459-71914690C018}.Debug|Any CPU.ActiveCfg = Debug|Any CPU
		{7ACE1705-CBA3-D9BA-8459-71914690C018}.Debug|Any CPU.Build.0 = Debug|Any CPU
		{7ACE1705-CBA3-D9BA-8459-71914690C018}.Release|Any CPU.ActiveCfg = Release|Any CPU
		{7ACE1705-CBA3-D9BA-8459-71914690C018}.Release|Any CPU.Build.0 = Release|Any CPU
		{F7269799-E5F8-08BF-F9C9-49C8A5C1E0A6}.Debug|Any CPU.ActiveCfg = Debug|Any CPU
		{F7269799-E5F8-08BF-F9C9-49C8A5C1E0A6}.Debug|Any CPU.Build.0 = Debug|Any CPU
		{F7269799-E5F8-08BF-F9C9-49C8A5C1E0A6}.Release|Any CPU.ActiveCfg = Release|Any CPU
		{F7269799-E5F8-08BF-F9C9-49C8A5C1E0A6}.Release|Any CPU.Build.0 = Release|Any CPU
	EndGlobalSection
	GlobalSection(SolutionProperties) = preSolution
		HideSolutionNode = FALSE
	EndGlobalSection
EndGlobal
